// !$*UTF8*$!
{
	archiveVersion = 1;
	classes = {
	};
	objectVersion = 50;
	objects = {

/* Begin PBXBuildFile section */
		07B5B59325386BD80062AC4E /* RNIndy.m in Sources */ = {isa = PBXBuildFile; fileRef = 07B5B58F25386BD80062AC4E /* RNIndy.m */; };
		07B5B59425386BD80062AC4E /* ReactNativeMobileSDK.m in Sources */ = {isa = PBXBuildFile; fileRef = 07B5B59025386BD80062AC4E /* ReactNativeMobileSDK.m */; };
		7C29EC5512172124ADDE5A90 /* Pods_ReactNativeMobileSDK.framework in Frameworks */ = {isa = PBXBuildFile; fileRef = 9DD590E93EF00459971B85C0 /* Pods_ReactNativeMobileSDK.framework */; };
/* End PBXBuildFile section */

/* Begin PBXCopyFilesBuildPhase section */
		07B5B57725386A750062AC4E /* CopyFiles */ = {
			isa = PBXCopyFilesBuildPhase;
			buildActionMask = 2147483647;
			dstPath = "include/$(PRODUCT_NAME)";
			dstSubfolderSpec = 16;
			files = (
			);
			runOnlyForDeploymentPostprocessing = 0;
		};
/* End PBXCopyFilesBuildPhase section */

/* Begin PBXFileReference section */
		01D3544BC1B1DE3E56E84280 /* Pods-ReactNativeMobileSDK.debug.xcconfig */ = {isa = PBXFileReference; includeInIndex = 1; lastKnownFileType = text.xcconfig; name = "Pods-ReactNativeMobileSDK.debug.xcconfig"; path = "Target Support Files/Pods-ReactNativeMobileSDK/Pods-ReactNativeMobileSDK.debug.xcconfig"; sourceTree = "<group>"; };
		07B5B57925386A750062AC4E /* libReactNativeMobileSDK.a */ = {isa = PBXFileReference; explicitFileType = archive.ar; includeInIndex = 0; path = libReactNativeMobileSDK.a; sourceTree = BUILT_PRODUCTS_DIR; };
		07B5B58F25386BD80062AC4E /* RNIndy.m */ = {isa = PBXFileReference; fileEncoding = 4; lastKnownFileType = sourcecode.c.objc; path = RNIndy.m; sourceTree = "<group>"; };
		07B5B59025386BD80062AC4E /* ReactNativeMobileSDK.m */ = {isa = PBXFileReference; fileEncoding = 4; lastKnownFileType = sourcecode.c.objc; path = ReactNativeMobileSDK.m; sourceTree = "<group>"; };
		07B5B59125386BD80062AC4E /* RNIndy.h */ = {isa = PBXFileReference; fileEncoding = 4; lastKnownFileType = sourcecode.c.h; path = RNIndy.h; sourceTree = "<group>"; };
		07B5B59225386BD80062AC4E /* ReactNativeMobileSDK.h */ = {isa = PBXFileReference; fileEncoding = 4; lastKnownFileType = sourcecode.c.h; path = ReactNativeMobileSDK.h; sourceTree = "<group>"; };
		45E1C5759FA9B22E25963AEC /* Pods-ReactNativeMobileSDK.release.xcconfig */ = {isa = PBXFileReference; includeInIndex = 1; lastKnownFileType = text.xcconfig; name = "Pods-ReactNativeMobileSDK.release.xcconfig"; path = "Target Support Files/Pods-ReactNativeMobileSDK/Pods-ReactNativeMobileSDK.release.xcconfig"; sourceTree = "<group>"; };
		9DD590E93EF00459971B85C0 /* Pods_ReactNativeMobileSDK.framework */ = {isa = PBXFileReference; explicitFileType = wrapper.framework; includeInIndex = 0; path = Pods_ReactNativeMobileSDK.framework; sourceTree = BUILT_PRODUCTS_DIR; };
/* End PBXFileReference section */

/* Begin PBXFrameworksBuildPhase section */
		07B5B57625386A750062AC4E /* Frameworks */ = {
			isa = PBXFrameworksBuildPhase;
			buildActionMask = 2147483647;
			files = (
				7C29EC5512172124ADDE5A90 /* Pods_ReactNativeMobileSDK.framework in Frameworks */,
			);
			runOnlyForDeploymentPostprocessing = 0;
		};
/* End PBXFrameworksBuildPhase section */

/* Begin PBXGroup section */
		07B5B57025386A750062AC4E = {
			isa = PBXGroup;
			children = (
				07B5B58E25386BC80062AC4E /* ReactNativeMobileSDK */,
				07B5B57A25386A750062AC4E /* Products */,
				F13509C223E14B373B1D58CD /* Pods */,
				19C6B19F5FD39725888376C7 /* Frameworks */,
			);
			sourceTree = "<group>";
		};
		07B5B57A25386A750062AC4E /* Products */ = {
			isa = PBXGroup;
			children = (
				07B5B57925386A750062AC4E /* libReactNativeMobileSDK.a */,
			);
			name = Products;
			sourceTree = "<group>";
		};
		07B5B58E25386BC80062AC4E /* ReactNativeMobileSDK */ = {
			isa = PBXGroup;
			children = (
				07B5B59225386BD80062AC4E /* ReactNativeMobileSDK.h */,
				07B5B59025386BD80062AC4E /* ReactNativeMobileSDK.m */,
				07B5B59125386BD80062AC4E /* RNIndy.h */,
				07B5B58F25386BD80062AC4E /* RNIndy.m */,
			);
			path = ReactNativeMobileSDK;
			sourceTree = "<group>";
		};
		19C6B19F5FD39725888376C7 /* Frameworks */ = {
			isa = PBXGroup;
			children = (
				9DD590E93EF00459971B85C0 /* Pods_ReactNativeMobileSDK.framework */,
			);
			name = Frameworks;
			sourceTree = "<group>";
		};
		F13509C223E14B373B1D58CD /* Pods */ = {
			isa = PBXGroup;
			children = (
				01D3544BC1B1DE3E56E84280 /* Pods-ReactNativeMobileSDK.debug.xcconfig */,
				45E1C5759FA9B22E25963AEC /* Pods-ReactNativeMobileSDK.release.xcconfig */,
			);
			path = Pods;
			sourceTree = "<group>";
		};
/* End PBXGroup section */

/* Begin PBXNativeTarget section */
		07B5B57825386A750062AC4E /* ReactNativeMobileSDK */ = {
			isa = PBXNativeTarget;
			buildConfigurationList = 07B5B58225386A750062AC4E /* Build configuration list for PBXNativeTarget "ReactNativeMobileSDK" */;
			buildPhases = (
				C2A1E4BD56F108ADD1059374 /* [CP] Check Pods Manifest.lock */,
				07B5B57525386A750062AC4E /* Sources */,
				07B5B57625386A750062AC4E /* Frameworks */,
				07B5B57725386A750062AC4E /* CopyFiles */,
			);
			buildRules = (
			);
			dependencies = (
			);
			name = ReactNativeMobileSDK;
			productName = ReactNativeMobileSDK;
			productReference = 07B5B57925386A750062AC4E /* libReactNativeMobileSDK.a */;
			productType = "com.apple.product-type.library.static";
		};
/* End PBXNativeTarget section */

/* Begin PBXProject section */
		07B5B57125386A750062AC4E /* Project object */ = {
			isa = PBXProject;
			attributes = {
				LastUpgradeCheck = 1200;
				TargetAttributes = {
					07B5B57825386A750062AC4E = {
						CreatedOnToolsVersion = 12.0;
					};
				};
			};
			buildConfigurationList = 07B5B57425386A750062AC4E /* Build configuration list for PBXProject "ReactNativeMobileSDK" */;
			compatibilityVersion = "Xcode 9.3";
			developmentRegion = en;
			hasScannedForEncodings = 0;
			knownRegions = (
				en,
				Base,
			);
			mainGroup = 07B5B57025386A750062AC4E;
			productRefGroup = 07B5B57A25386A750062AC4E /* Products */;
			projectDirPath = "";
			projectRoot = "";
			targets = (
				07B5B57825386A750062AC4E /* ReactNativeMobileSDK */,
			);
		};
/* End PBXProject section */

/* Begin PBXShellScriptBuildPhase section */
		C2A1E4BD56F108ADD1059374 /* [CP] Check Pods Manifest.lock */ = {
			isa = PBXShellScriptBuildPhase;
			buildActionMask = 2147483647;
			files = (
			);
			inputFileListPaths = (
			);
			inputPaths = (
				"${PODS_PODFILE_DIR_PATH}/Podfile.lock",
				"${PODS_ROOT}/Manifest.lock",
			);
			name = "[CP] Check Pods Manifest.lock";
			outputFileListPaths = (
			);
			outputPaths = (
				"$(DERIVED_FILE_DIR)/Pods-ReactNativeMobileSDK-checkManifestLockResult.txt",
			);
			runOnlyForDeploymentPostprocessing = 0;
			shellPath = /bin/sh;
			shellScript = "diff \"${PODS_PODFILE_DIR_PATH}/Podfile.lock\" \"${PODS_ROOT}/Manifest.lock\" > /dev/null\nif [ $? != 0 ] ; then\n    # print error to STDERR\n    echo \"error: The sandbox is not in sync with the Podfile.lock. Run 'pod install' or update your CocoaPods installation.\" >&2\n    exit 1\nfi\n# This output is used by Xcode 'outputs' to avoid re-running this script phase.\necho \"SUCCESS\" > \"${SCRIPT_OUTPUT_FILE_0}\"\n";
			showEnvVarsInLog = 0;
		};
/* End PBXShellScriptBuildPhase section */

/* Begin PBXSourcesBuildPhase section */
		07B5B57525386A750062AC4E /* Sources */ = {
			isa = PBXSourcesBuildPhase;
			buildActionMask = 2147483647;
			files = (
				07B5B59325386BD80062AC4E /* RNIndy.m in Sources */,
				07B5B59425386BD80062AC4E /* ReactNativeMobileSDK.m in Sources */,
			);
			runOnlyForDeploymentPostprocessing = 0;
		};
/* End PBXSourcesBuildPhase section */

/* Begin XCBuildConfiguration section */
		07B5B58025386A750062AC4E /* Debug */ = {
			isa = XCBuildConfiguration;
			buildSettings = {
				ALWAYS_SEARCH_USER_PATHS = NO;
				CLANG_ANALYZER_NONNULL = YES;
				CLANG_ANALYZER_NUMBER_OBJECT_CONVERSION = YES_AGGRESSIVE;
				CLANG_CXX_LANGUAGE_STANDARD = "gnu++14";
				CLANG_CXX_LIBRARY = "libc++";
				CLANG_ENABLE_MODULES = YES;
				CLANG_ENABLE_OBJC_ARC = YES;
				CLANG_ENABLE_OBJC_WEAK = YES;
				CLANG_WARN_BLOCK_CAPTURE_AUTORELEASING = YES;
				CLANG_WARN_BOOL_CONVERSION = YES;
				CLANG_WARN_COMMA = YES;
				CLANG_WARN_CONSTANT_CONVERSION = YES;
				CLANG_WARN_DEPRECATED_OBJC_IMPLEMENTATIONS = YES;
				CLANG_WARN_DIRECT_OBJC_ISA_USAGE = YES_ERROR;
				CLANG_WARN_DOCUMENTATION_COMMENTS = YES;
				CLANG_WARN_EMPTY_BODY = YES;
				CLANG_WARN_ENUM_CONVERSION = YES;
				CLANG_WARN_INFINITE_RECURSION = YES;
				CLANG_WARN_INT_CONVERSION = YES;
				CLANG_WARN_NON_LITERAL_NULL_CONVERSION = YES;
				CLANG_WARN_OBJC_IMPLICIT_RETAIN_SELF = YES;
				CLANG_WARN_OBJC_LITERAL_CONVERSION = YES;
				CLANG_WARN_OBJC_ROOT_CLASS = YES_ERROR;
				CLANG_WARN_QUOTED_INCLUDE_IN_FRAMEWORK_HEADER = YES;
				CLANG_WARN_RANGE_LOOP_ANALYSIS = YES;
				CLANG_WARN_STRICT_PROTOTYPES = YES;
				CLANG_WARN_SUSPICIOUS_MOVE = YES;
				CLANG_WARN_UNGUARDED_AVAILABILITY = YES_AGGRESSIVE;
				CLANG_WARN_UNREACHABLE_CODE = YES;
				CLANG_WARN__DUPLICATE_METHOD_MATCH = YES;
				COPY_PHASE_STRIP = NO;
				DEBUG_INFORMATION_FORMAT = dwarf;
				ENABLE_STRICT_OBJC_MSGSEND = YES;
				ENABLE_TESTABILITY = YES;
				GCC_C_LANGUAGE_STANDARD = gnu11;
				GCC_DYNAMIC_NO_PIC = NO;
				GCC_NO_COMMON_BLOCKS = YES;
				GCC_OPTIMIZATION_LEVEL = 0;
				GCC_PREPROCESSOR_DEFINITIONS = (
					"DEBUG=1",
					"$(inherited)",
				);
				GCC_WARN_64_TO_32_BIT_CONVERSION = YES;
				GCC_WARN_ABOUT_RETURN_TYPE = YES_ERROR;
				GCC_WARN_UNDECLARED_SELECTOR = YES;
				GCC_WARN_UNINITIALIZED_AUTOS = YES_AGGRESSIVE;
				GCC_WARN_UNUSED_FUNCTION = YES;
				GCC_WARN_UNUSED_VARIABLE = YES;
				IPHONEOS_DEPLOYMENT_TARGET = 14.0;
				MTL_ENABLE_DEBUG_INFO = INCLUDE_SOURCE;
				MTL_FAST_MATH = YES;
				ONLY_ACTIVE_ARCH = YES;
				SDKROOT = iphoneos;
			};
			name = Debug;
		};
		07B5B58125386A750062AC4E /* Release */ = {
			isa = XCBuildConfiguration;
			buildSettings = {
				ALWAYS_SEARCH_USER_PATHS = NO;
				CLANG_ANALYZER_NONNULL = YES;
				CLANG_ANALYZER_NUMBER_OBJECT_CONVERSION = YES_AGGRESSIVE;
				CLANG_CXX_LANGUAGE_STANDARD = "gnu++14";
				CLANG_CXX_LIBRARY = "libc++";
				CLANG_ENABLE_MODULES = YES;
				CLANG_ENABLE_OBJC_ARC = YES;
				CLANG_ENABLE_OBJC_WEAK = YES;
				CLANG_WARN_BLOCK_CAPTURE_AUTORELEASING = YES;
				CLANG_WARN_BOOL_CONVERSION = YES;
				CLANG_WARN_COMMA = YES;
				CLANG_WARN_CONSTANT_CONVERSION = YES;
				CLANG_WARN_DEPRECATED_OBJC_IMPLEMENTATIONS = YES;
				CLANG_WARN_DIRECT_OBJC_ISA_USAGE = YES_ERROR;
				CLANG_WARN_DOCUMENTATION_COMMENTS = YES;
				CLANG_WARN_EMPTY_BODY = YES;
				CLANG_WARN_ENUM_CONVERSION = YES;
				CLANG_WARN_INFINITE_RECURSION = YES;
				CLANG_WARN_INT_CONVERSION = YES;
				CLANG_WARN_NON_LITERAL_NULL_CONVERSION = YES;
				CLANG_WARN_OBJC_IMPLICIT_RETAIN_SELF = YES;
				CLANG_WARN_OBJC_LITERAL_CONVERSION = YES;
				CLANG_WARN_OBJC_ROOT_CLASS = YES_ERROR;
				CLANG_WARN_QUOTED_INCLUDE_IN_FRAMEWORK_HEADER = YES;
				CLANG_WARN_RANGE_LOOP_ANALYSIS = YES;
				CLANG_WARN_STRICT_PROTOTYPES = YES;
				CLANG_WARN_SUSPICIOUS_MOVE = YES;
				CLANG_WARN_UNGUARDED_AVAILABILITY = YES_AGGRESSIVE;
				CLANG_WARN_UNREACHABLE_CODE = YES;
				CLANG_WARN__DUPLICATE_METHOD_MATCH = YES;
				COPY_PHASE_STRIP = NO;
				DEBUG_INFORMATION_FORMAT = "dwarf-with-dsym";
				ENABLE_NS_ASSERTIONS = NO;
				ENABLE_STRICT_OBJC_MSGSEND = YES;
				GCC_C_LANGUAGE_STANDARD = gnu11;
				GCC_NO_COMMON_BLOCKS = YES;
				GCC_WARN_64_TO_32_BIT_CONVERSION = YES;
				GCC_WARN_ABOUT_RETURN_TYPE = YES_ERROR;
				GCC_WARN_UNDECLARED_SELECTOR = YES;
				GCC_WARN_UNINITIALIZED_AUTOS = YES_AGGRESSIVE;
				GCC_WARN_UNUSED_FUNCTION = YES;
				GCC_WARN_UNUSED_VARIABLE = YES;
				IPHONEOS_DEPLOYMENT_TARGET = 14.0;
				MTL_ENABLE_DEBUG_INFO = NO;
				MTL_FAST_MATH = YES;
				SDKROOT = iphoneos;
				VALIDATE_PRODUCT = YES;
			};
			name = Release;
		};
		07B5B58325386A750062AC4E /* Debug */ = {
			isa = XCBuildConfiguration;
			baseConfigurationReference = 01D3544BC1B1DE3E56E84280 /* Pods-ReactNativeMobileSDK.debug.xcconfig */;
			buildSettings = {
				CODE_SIGN_STYLE = Automatic;
				DEVELOPMENT_TEAM = ES8QU3D2A4;
				OTHER_LDFLAGS = "-ObjC";
				PRODUCT_NAME = "$(TARGET_NAME)";
				SKIP_INSTALL = YES;
				TARGETED_DEVICE_FAMILY = "1,2";
			};
			name = Debug;
		};
		07B5B58425386A750062AC4E /* Release */ = {
			isa = XCBuildConfiguration;
			baseConfigurationReference = 45E1C5759FA9B22E25963AEC /* Pods-ReactNativeMobileSDK.release.xcconfig */;
			buildSettings = {
				CODE_SIGN_STYLE = Automatic;
				DEVELOPMENT_TEAM = ES8QU3D2A4;
				OTHER_LDFLAGS = "-ObjC";
				PRODUCT_NAME = "$(TARGET_NAME)";
				SKIP_INSTALL = YES;
				TARGETED_DEVICE_FAMILY = "1,2";
			};
			name = Release;
		};
/* End XCBuildConfiguration section */

/* Begin XCConfigurationList section */
		07B5B57425386A750062AC4E /* Build configuration list for PBXProject "ReactNativeMobileSDK" */ = {
			isa = XCConfigurationList;
			buildConfigurations = (
				07B5B58025386A750062AC4E /* Debug */,
				07B5B58125386A750062AC4E /* Release */,
			);
			defaultConfigurationIsVisible = 0;
			defaultConfigurationName = Release;
		};
		07B5B58225386A750062AC4E /* Build configuration list for PBXNativeTarget "ReactNativeMobileSDK" */ = {
			isa = XCConfigurationList;
			buildConfigurations = (
				07B5B58325386A750062AC4E /* Debug */,
				07B5B58425386A750062AC4E /* Release */,
			);
			defaultConfigurationIsVisible = 0;
			defaultConfigurationName = Release;
		};
/* End XCConfigurationList section */
	};
	rootObject = 07B5B57125386A750062AC4E /* Project object */;
}
